<?xml version="1.0" encoding="UTF-8" standalone="yes" ?>
<CodeBlocks_project_file>
	<FileVersion major="1" minor="6" />
	<Project>
		<Option title="Groupe-1-Cpp-Gestion-Etudiants" />
		<Option pch_mode="2" />
		<Option compiler="gcc" />
		<Build>
			<Target title="Debug">
				<Option output="bin/Debug/Groupe-1-Cpp-Gestion-Etudiants" prefix_auto="1" extension_auto="1" />
				<Option object_output="obj/Debug/" />
				<Option type="1" />
				<Option compiler="gcc" />
				<Compiler>
					<Add option="-g" />
				</Compiler>
			</Target>
			<Target title="Release">
				<Option output="bin/Release/Groupe-1-Cpp-Gestion-Etudiants" prefix_auto="1" extension_auto="1" />
				<Option object_output="obj/Release/" />
				<Option type="1" />
				<Option compiler="gcc" />
				<Compiler>
					<Add option="-O2" />
				</Compiler>
				<Linker>
					<Add option="-s" />
				</Linker>
			</Target>
		</Build>
		<Compiler>
			<Add option="-Wall" />
			<Add option="-fexceptions" />
		</Compiler>
		<Unit filename="main.cpp" />
		<Unit filename="model/CalendrierPaiement.cpp" />
		<Unit filename="model/CalendrierPaiement.hpp" />
		<Unit filename="model/Classe.cpp" />
		<Unit filename="model/Classe.hpp" />
		<Unit filename="model/Etudiant.cpp" />
		<Unit filename="model/Etudiant.hpp" />
		<Unit filename="model/Formation.cpp" />
		<Unit filename="model/Formation.hpp" />
		<Unit filename="model/IDGenerator.cpp" />
		<Unit filename="model/IDGenerator.hpp" />
		<Unit filename="model/Promotion.cpp" />
		<Unit filename="model/Promotion.hpp" />
		<Unit filename="model/Reglement.cpp" />
		<Unit filename="model/Reglement.hpp" />
		<Extensions>
			<code_completion />
			<envvars />
			<debugger />
		</Extensions>
	</Project>
</CodeBlocks_project_file>
