<?xml version="1.0" encoding="UTF-8" standalone="yes" ?>
<CodeBlocks_project_file>
	<FileVersion major="1" minor="6" />
	<Project>
		<Option title="Groupe-1-Cpp-Gestion-Etudiants" />
		<Option pch_mode="2" />
		<Option compiler="gcc" />
		<Build>
			<Target title="Debug">
				<Option output="bin/Debug/Groupe-1-Cpp-Gestion-Etudiants" prefix_auto="1" extension_auto="1" />
				<Option object_output="obj/Debug/" />
				<Option type="1" />
				<Option compiler="gcc" />
				<Compiler>
					<Add option="-g" />
				</Compiler>
			</Target>
			<Target title="Release">
				<Option output="bin/Release/Groupe-1-Cpp-Gestion-Etudiants" prefix_auto="1" extension_auto="1" />
				<Option object_output="obj/Release/" />
				<Option type="1" />
				<Option compiler="gcc" />
				<Compiler>
					<Add option="-O2" />
				</Compiler>
				<Linker>
					<Add option="-s" />
				</Linker>
			</Target>
		</Build>
		<Compiler>
			<Add option="-Wall" />
			<Add option="-fexceptions" />
		</Compiler>
		<Unit filename="const/pathsConst.hpp" />
		<Unit filename="const/reductionsConst.hpp" />
		<Unit filename="main.cpp" />
		<Unit filename="model/ReflectionMacros.hpp" />
		<Unit filename="model/entity/CalendrierPaiement.cpp" />
		<Unit filename="model/entity/CalendrierPaiement.hpp" />
		<Unit filename="model/entity/Classe.cpp" />
		<Unit filename="model/entity/Classe.hpp" />
		<Unit filename="model/entity/Etudiant.cpp" />
		<Unit filename="model/entity/Etudiant.hpp" />
		<Unit filename="model/entity/Formation.cpp" />
		<Unit filename="model/entity/Formation.hpp" />
		<Unit filename="model/entity/Reglement.cpp" />
		<Unit filename="model/entity/Reglement.hpp" />
		<Unit filename="model/enum/Echeancier.cpp" />
		<Unit filename="model/enum/Echeancier.hpp" />
		<Unit filename="model/enum/Niveau.cpp" />
		<Unit filename="model/enum/Niveau.hpp" />
		<Unit filename="model/utils/Date.cpp" />
		<Unit filename="model/utils/Date.hpp" />
		<Unit filename="model/utils/IDGenerator.cpp" />
		<Unit filename="model/utils/IDGenerator.hpp" />
		<Unit filename="param/utf8_console.h" />
		<Unit filename="repository/CalendrierPaiementRepository.cpp" />
		<Unit filename="repository/CalendrierPaiementRepository.hpp" />
		<Unit filename="repository/ClasseRepository.cpp" />
		<Unit filename="repository/ClasseRepository.hpp" />
		<Unit filename="repository/EtudiantRepository.cpp" />
		<Unit filename="repository/EtudiantRepository.hpp" />
		<Unit filename="repository/FormationRepository.cpp" />
		<Unit filename="repository/FormationRepository.hpp" />
		<Unit filename="repository/ReglementRepository.cpp" />
		<Unit filename="repository/ReglementRepository.hpp" />
		<Unit filename="service/CalendrierPaiementService.cpp" />
		<Unit filename="service/CalendrierPaiementService.hpp" />
		<Unit filename="service/ClasseService.cpp" />
		<Unit filename="service/ClasseService.hpp" />
		<Unit filename="service/EtudiantService.cpp" />
		<Unit filename="service/EtudiantService.hpp" />
		<Unit filename="service/FormationService.cpp" />
		<Unit filename="service/FormationService.hpp" />
		<Unit filename="service/ReglementService.cpp" />
		<Unit filename="service/ReglementService.hpp" />
		<Unit filename="view/CalendrierPaiementView.cpp" />
		<Unit filename="view/CalendrierPaiementView.hpp" />
		<Unit filename="view/ClasseView.cpp" />
		<Unit filename="view/ClasseView.hpp" />
		<Unit filename="view/EcheancierView.cpp" />
		<Unit filename="view/EcheancierView.hpp" />
		<Unit filename="view/EtudiantView.cpp" />
		<Unit filename="view/EtudiantView.hpp" />
		<Unit filename="view/FormationView.cpp" />
		<Unit filename="view/FormationView.hpp" />
		<Unit filename="view/NiveauView.cpp" />
		<Unit filename="view/NiveauView.hpp" />
		<Unit filename="view/ReglementView.cpp" />
		<Unit filename="view/ReglementView.hpp" />
		<Unit filename="view/View.cpp" />
		<Unit filename="view/View.hpp" />
		<Extensions>
			<code_completion />
			<envvars />
			<debugger />
		</Extensions>
	</Project>
</CodeBlocks_project_file>
